
Microsoft Visual Studio Solution File, Format Version 12.00
# Visual Studio 15
VisualStudioVersion = 15.0.26730.15
MinimumVisualStudioVersion = 10.0.40219.1
Project("{FAE04EC0-301F-11D3-BF4B-00C04F79EFBC}") = "LP10OOP", "LP10OOP\LP10OOP.csproj", "{D1BCEEC2-FD60-436D-B6C4-D4F9F6EB15CE}"
EndProject
Global
	GlobalSection(SolutionConfigurationPlatforms) = preSolution
		Debug|Any CPU = Debug|Any CPU
		Release|Any CPU = Release|Any CPU
	EndGlobalSection
	GlobalSection(ProjectConfigurationPlatforms) = postSolution
		{D1BCEEC2-FD60-436D-B6C4-D4F9F6EB15CE}.Debug|Any CPU.ActiveCfg = Debug|Any CPU
		{D1BCEEC2-FD60-436D-B6C4-D4F9F6EB15CE}.Debug|Any CPU.Build.0 = Debug|Any CPU
		{D1BCEEC2-FD60-436D-B6C4-D4F9F6EB15CE}.Release|Any CPU.ActiveCfg = Release|Any CPU
		{D1BCEEC2-FD60-436D-B6C4-D4F9F6EB15CE}.Release|Any CPU.Build.0 = Release|Any CPU
	EndGlobalSection
	GlobalSection(SolutionProperties) = preSolution
		HideSolutionNode = FALSE
	EndGlobalSection
	GlobalSection(ExtensibilityGlobals) = postSolution
		SolutionGuid = {9426D707-E325-4304-B5DE-E69A7DC4AF2F}
	EndGlobalSection
EndGlobal
